// !$*UTF8*$!
{
	archiveVersion = 1;
	classes = {
	};
	objectVersion = 46;
	objects = {

/* Begin PBXBuildFile section */
		5008422D183BDEFD004AE0C8 /* Foundation.framework in Frameworks */ = {isa = PBXBuildFile; fileRef = 5008422C183BDEFD004AE0C8 /* Foundation.framework */; };
		5008422F183BDEFD004AE0C8 /* CoreGraphics.framework in Frameworks */ = {isa = PBXBuildFile; fileRef = 5008422E183BDEFD004AE0C8 /* CoreGraphics.framework */; };
		50084231183BDEFD004AE0C8 /* UIKit.framework in Frameworks */ = {isa = PBXBuildFile; fileRef = 50084230183BDEFD004AE0C8 /* UIKit.framework */; };
		50084237183BDEFD004AE0C8 /* InfoPlist.strings in Resources */ = {isa = PBXBuildFile; fileRef = 50084235183BDEFD004AE0C8 /* InfoPlist.strings */; };
		50084239183BDEFD004AE0C8 /* main.m in Sources */ = {isa = PBXBuildFile; fileRef = 50084238183BDEFD004AE0C8 /* main.m */; };
		5008423D183BDEFD004AE0C8 /* AppDelegate.m in Sources */ = {isa = PBXBuildFile; fileRef = 5008423C183BDEFD004AE0C8 /* AppDelegate.m */; };
		50084243183BDEFD004AE0C8 /* ViewController.m in Sources */ = {isa = PBXBuildFile; fileRef = 50084242183BDEFD004AE0C8 /* ViewController.m */; };
		50084245183BDEFD004AE0C8 /* Images.xcassets in Resources */ = {isa = PBXBuildFile; fileRef = 50084244183BDEFD004AE0C8 /* Images.xcassets */; };
		5008424C183BDEFD004AE0C8 /* XCTest.framework in Frameworks */ = {isa = PBXBuildFile; fileRef = 5008424B183BDEFD004AE0C8 /* XCTest.framework */; };
		5008424D183BDEFD004AE0C8 /* Foundation.framework in Frameworks */ = {isa = PBXBuildFile; fileRef = 5008422C183BDEFD004AE0C8 /* Foundation.framework */; };
		5008424E183BDEFD004AE0C8 /* UIKit.framework in Frameworks */ = {isa = PBXBuildFile; fileRef = 50084230183BDEFD004AE0C8 /* UIKit.framework */; };
		50084256183BDEFD004AE0C8 /* InfoPlist.strings in Resources */ = {isa = PBXBuildFile; fileRef = 50084254183BDEFD004AE0C8 /* InfoPlist.strings */; };
		50084258183BDEFD004AE0C8 /* PlanetarioTests.m in Sources */ = {isa = PBXBuildFile; fileRef = 50084257183BDEFD004AE0C8 /* PlanetarioTests.m */; };
		50084263183BDF65004AE0C8 /* sol.jpg in Resources */ = {isa = PBXBuildFile; fileRef = 50084261183BDF65004AE0C8 /* sol.jpg */; };
		50084264183BDF65004AE0C8 /* universo.jpg in Resources */ = {isa = PBXBuildFile; fileRef = 50084262183BDF65004AE0C8 /* universo.jpg */; };
		50FA0414183D22A000B97E6B /* enterpreice1.png in Resources */ = {isa = PBXBuildFile; fileRef = 50FA0413183D22A000B97E6B /* enterpreice1.png */; };
/* End PBXBuildFile section */

/* Begin PBXContainerItemProxy section */
		5008424F183BDEFD004AE0C8 /* PBXContainerItemProxy */ = {
			isa = PBXContainerItemProxy;
			containerPortal = 50084221183BDEFD004AE0C8 /* Project object */;
			proxyType = 1;
			remoteGlobalIDString = 50084228183BDEFD004AE0C8;
			remoteInfo = Planetario;
		};
/* End PBXContainerItemProxy section */

/* Begin PBXFileReference section */
		50084229183BDEFD004AE0C8 /* Planetario.app */ = {isa = PBXFileReference; explicitFileType = wrapper.application; includeInIndex = 0; path = Planetario.app; sourceTree = BUILT_PRODUCTS_DIR; };
		5008422C183BDEFD004AE0C8 /* Foundation.framework */ = {isa = PBXFileReference; lastKnownFileType = wrapper.framework; name = Foundation.framework; path = System/Library/Frameworks/Foundation.framework; sourceTree = SDKROOT; };
		5008422E183BDEFD004AE0C8 /* CoreGraphics.framework */ = {isa = PBXFileReference; lastKnownFileType = wrapper.framework; name = CoreGraphics.framework; path = System/Library/Frameworks/CoreGraphics.framework; sourceTree = SDKROOT; };
		50084230183BDEFD004AE0C8 /* UIKit.framework */ = {isa = PBXFileReference; lastKnownFileType = wrapper.framework; name = UIKit.framework; path = System/Library/Frameworks/UIKit.framework; sourceTree = SDKROOT; };
		50084234183BDEFD004AE0C8 /* Planetario-Info.plist */ = {isa = PBXFileReference; lastKnownFileType = text.plist.xml; path = "Planetario-Info.plist"; sourceTree = "<group>"; };
		50084236183BDEFD004AE0C8 /* en */ = {isa = PBXFileReference; lastKnownFileType = text.plist.strings; name = en; path = en.lproj/InfoPlist.strings; sourceTree = "<group>"; };
		50084238183BDEFD004AE0C8 /* main.m */ = {isa = PBXFileReference; lastKnownFileType = sourcecode.c.objc; path = main.m; sourceTree = "<group>"; };
		5008423A183BDEFD004AE0C8 /* Planetario-Prefix.pch */ = {isa = PBXFileReference; lastKnownFileType = sourcecode.c.h; path = "Planetario-Prefix.pch"; sourceTree = "<group>"; };
		5008423B183BDEFD004AE0C8 /* AppDelegate.h */ = {isa = PBXFileReference; lastKnownFileType = sourcecode.c.h; path = AppDelegate.h; sourceTree = "<group>"; };
		5008423C183BDEFD004AE0C8 /* AppDelegate.m */ = {isa = PBXFileReference; lastKnownFileType = sourcecode.c.objc; path = AppDelegate.m; sourceTree = "<group>"; };
		50084241183BDEFD004AE0C8 /* ViewController.h */ = {isa = PBXFileReference; lastKnownFileType = sourcecode.c.h; path = ViewController.h; sourceTree = "<group>"; };
		50084242183BDEFD004AE0C8 /* ViewController.m */ = {isa = PBXFileReference; lastKnownFileType = sourcecode.c.objc; path = ViewController.m; sourceTree = "<group>"; };
		50084244183BDEFD004AE0C8 /* Images.xcassets */ = {isa = PBXFileReference; lastKnownFileType = folder.assetcatalog; path = Images.xcassets; sourceTree = "<group>"; };
		5008424A183BDEFD004AE0C8 /* PlanetarioTests.xctest */ = {isa = PBXFileReference; explicitFileType = wrapper.cfbundle; includeInIndex = 0; path = PlanetarioTests.xctest; sourceTree = BUILT_PRODUCTS_DIR; };
		5008424B183BDEFD004AE0C8 /* XCTest.framework */ = {isa = PBXFileReference; lastKnownFileType = wrapper.framework; name = XCTest.framework; path = Library/Frameworks/XCTest.framework; sourceTree = DEVELOPER_DIR; };
		50084253183BDEFD004AE0C8 /* PlanetarioTests-Info.plist */ = {isa = PBXFileReference; lastKnownFileType = text.plist.xml; path = "PlanetarioTests-Info.plist"; sourceTree = "<group>"; };
		50084255183BDEFD004AE0C8 /* en */ = {isa = PBXFileReference; lastKnownFileType = text.plist.strings; name = en; path = en.lproj/InfoPlist.strings; sourceTree = "<group>"; };
		50084257183BDEFD004AE0C8 /* PlanetarioTests.m */ = {isa = PBXFileReference; lastKnownFileType = sourcecode.c.objc; path = PlanetarioTests.m; sourceTree = "<group>"; };
		50084261183BDF65004AE0C8 /* sol.jpg */ = {isa = PBXFileReference; lastKnownFileType = image.jpeg; path = sol.jpg; sourceTree = "<group>"; };
		50084262183BDF65004AE0C8 /* universo.jpg */ = {isa = PBXFileReference; lastKnownFileType = image.jpeg; path = universo.jpg; sourceTree = "<group>"; };
		50FA0413183D22A000B97E6B /* enterpreice1.png */ = {isa = PBXFileReference; lastKnownFileType = image.png; path = enterpreice1.png; sourceTree = "<group>"; };
/* End PBXFileReference section */

/* Begin PBXFrameworksBuildPhase section */
		50084226183BDEFD004AE0C8 /* Frameworks */ = {
			isa = PBXFrameworksBuildPhase;
			buildActionMask = 2147483647;
			files = (
				5008422F183BDEFD004AE0C8 /* CoreGraphics.framework in Frameworks */,
				50084231183BDEFD004AE0C8 /* UIKit.framework in Frameworks */,
				5008422D183BDEFD004AE0C8 /* Foundation.framework in Frameworks */,
			);
			runOnlyForDeploymentPostprocessing = 0;
		};
		50084247183BDEFD004AE0C8 /* Frameworks */ = {
			isa = PBXFrameworksBuildPhase;
			buildActionMask = 2147483647;
			files = (
				5008424C183BDEFD004AE0C8 /* XCTest.framework in Frameworks */,
				5008424E183BDEFD004AE0C8 /* UIKit.framework in Frameworks */,
				5008424D183BDEFD004AE0C8 /* Foundation.framework in Frameworks */,
			);
			runOnlyForDeploymentPostprocessing = 0;
		};
/* End PBXFrameworksBuildPhase section */

/* Begin PBXGroup section */
		50084220183BDEFC004AE0C8 = {
			isa = PBXGroup;
			children = (
				50084261183BDF65004AE0C8 /* sol.jpg */,
				50FA0413183D22A000B97E6B /* enterpreice1.png */,
				50084262183BDF65004AE0C8 /* universo.jpg */,
				50084232183BDEFD004AE0C8 /* Planetario */,
				50084251183BDEFD004AE0C8 /* PlanetarioTests */,
				5008422B183BDEFD004AE0C8 /* Frameworks */,
				5008422A183BDEFD004AE0C8 /* Products */,
			);
			sourceTree = "<group>";
		};
		5008422A183BDEFD004AE0C8 /* Products */ = {
			isa = PBXGroup;
			children = (
				50084229183BDEFD004AE0C8 /* Planetario.app */,
				5008424A183BDEFD004AE0C8 /* PlanetarioTests.xctest */,
			);
			name = Products;
			sourceTree = "<group>";
		};
		5008422B183BDEFD004AE0C8 /* Frameworks */ = {
			isa = PBXGroup;
			children = (
				5008422C183BDEFD004AE0C8 /* Foundation.framework */,
				5008422E183BDEFD004AE0C8 /* CoreGraphics.framework */,
				50084230183BDEFD004AE0C8 /* UIKit.framework */,
				5008424B183BDEFD004AE0C8 /* XCTest.framework */,
			);
			name = Frameworks;
			sourceTree = "<group>";
		};
		50084232183BDEFD004AE0C8 /* Planetario */ = {
			isa = PBXGroup;
			children = (
				5008423B183BDEFD004AE0C8 /* AppDelegate.h */,
				5008423C183BDEFD004AE0C8 /* AppDelegate.m */,
				50084241183BDEFD004AE0C8 /* ViewController.h */,
				50084242183BDEFD004AE0C8 /* ViewController.m */,
				50084244183BDEFD004AE0C8 /* Images.xcassets */,
				50084233183BDEFD004AE0C8 /* Supporting Files */,
			);
			path = Planetario;
			sourceTree = "<group>";
		};
		50084233183BDEFD004AE0C8 /* Supporting Files */ = {
			isa = PBXGroup;
			children = (
				50084234183BDEFD004AE0C8 /* Planetario-Info.plist */,
				50084235183BDEFD004AE0C8 /* InfoPlist.strings */,
				50084238183BDEFD004AE0C8 /* main.m */,
				5008423A183BDEFD004AE0C8 /* Planetario-Prefix.pch */,
			);
			name = "Supporting Files";
			sourceTree = "<group>";
		};
		50084251183BDEFD004AE0C8 /* PlanetarioTests */ = {
			isa = PBXGroup;
			children = (
				50084257183BDEFD004AE0C8 /* PlanetarioTests.m */,
				50084252183BDEFD004AE0C8 /* Supporting Files */,
			);
			path = PlanetarioTests;
			sourceTree = "<group>";
		};
		50084252183BDEFD004AE0C8 /* Supporting Files */ = {
			isa = PBXGroup;
			children = (
				50084253183BDEFD004AE0C8 /* PlanetarioTests-Info.plist */,
				50084254183BDEFD004AE0C8 /* InfoPlist.strings */,
			);
			name = "Supporting Files";
			sourceTree = "<group>";
		};
/* End PBXGroup section */

/* Begin PBXNativeTarget section */
		50084228183BDEFD004AE0C8 /* Planetario */ = {
			isa = PBXNativeTarget;
			buildConfigurationList = 5008425B183BDEFD004AE0C8 /* Build configuration list for PBXNativeTarget "Planetario" */;
			buildPhases = (
				50084225183BDEFD004AE0C8 /* Sources */,
				50084226183BDEFD004AE0C8 /* Frameworks */,
				50084227183BDEFD004AE0C8 /* Resources */,
			);
			buildRules = (
			);
			dependencies = (
			);
			name = Planetario;
			productName = Planetario;
			productReference = 50084229183BDEFD004AE0C8 /* Planetario.app */;
			productType = "com.apple.product-type.application";
		};
		50084249183BDEFD004AE0C8 /* PlanetarioTests */ = {
			isa = PBXNativeTarget;
			buildConfigurationList = 5008425E183BDEFD004AE0C8 /* Build configuration list for PBXNativeTarget "PlanetarioTests" */;
			buildPhases = (
				50084246183BDEFD004AE0C8 /* Sources */,
				50084247183BDEFD004AE0C8 /* Frameworks */,
				50084248183BDEFD004AE0C8 /* Resources */,
			);
			buildRules = (
			);
			dependencies = (
				50084250183BDEFD004AE0C8 /* PBXTargetDependency */,
			);
			name = PlanetarioTests;
			productName = PlanetarioTests;
			productReference = 5008424A183BDEFD004AE0C8 /* PlanetarioTests.xctest */;
			productType = "com.apple.product-type.bundle.unit-test";
		};
/* End PBXNativeTarget section */

/* Begin PBXProject section */
		50084221183BDEFD004AE0C8 /* Project object */ = {
			isa = PBXProject;
			attributes = {
				LastUpgradeCheck = 0500;
				ORGANIZATIONNAME = "Miguel ";
				TargetAttributes = {
					50084249183BDEFD004AE0C8 = {
						TestTargetID = 50084228183BDEFD004AE0C8;
					};
				};
			};
			buildConfigurationList = 50084224183BDEFD004AE0C8 /* Build configuration list for PBXProject "Planetario" */;
			compatibilityVersion = "Xcode 3.2";
			developmentRegion = English;
			hasScannedForEncodings = 0;
			knownRegions = (
				en,
				Base,
			);
			mainGroup = 50084220183BDEFC004AE0C8;
			productRefGroup = 5008422A183BDEFD004AE0C8 /* Products */;
			projectDirPath = "";
			projectRoot = "";
			targets = (
				50084228183BDEFD004AE0C8 /* Planetario */,
				50084249183BDEFD004AE0C8 /* PlanetarioTests */,
			);
		};
/* End PBXProject section */

/* Begin PBXResourcesBuildPhase section */
		50084227183BDEFD004AE0C8 /* Resources */ = {
			isa = PBXResourcesBuildPhase;
			buildActionMask = 2147483647;
			files = (
				50084263183BDF65004AE0C8 /* sol.jpg in Resources */,
				50084264183BDF65004AE0C8 /* universo.jpg in Resources */,
				50FA0414183D22A000B97E6B /* enterpreice1.png in Resources */,
				50084245183BDEFD004AE0C8 /* Images.xcassets in Resources */,
				50084237183BDEFD004AE0C8 /* InfoPlist.strings in Resources */,
			);
			runOnlyForDeploymentPostprocessing = 0;
		};
		50084248183BDEFD004AE0C8 /* Resources */ = {
			isa = PBXResourcesBuildPhase;
			buildActionMask = 2147483647;
			files = (
				50084256183BDEFD004AE0C8 /* InfoPlist.strings in Resources */,
			);
			runOnlyForDeploymentPostprocessing = 0;
		};
/* End PBXResourcesBuildPhase section */

/* Begin PBXSourcesBuildPhase section */
		50084225183BDEFD004AE0C8 /* Sources */ = {
			isa = PBXSourcesBuildPhase;
			buildActionMask = 2147483647;
			files = (
				50084243183BDEFD004AE0C8 /* ViewController.m in Sources */,
				5008423D183BDEFD004AE0C8 /* AppDelegate.m in Sources */,
				50084239183BDEFD004AE0C8 /* main.m in Sources */,
			);
			runOnlyForDeploymentPostprocessing = 0;
		};
		50084246183BDEFD004AE0C8 /* Sources */ = {
			isa = PBXSourcesBuildPhase;
			buildActionMask = 2147483647;
			files = (
				50084258183BDEFD004AE0C8 /* PlanetarioTests.m in Sources */,
			);
			runOnlyForDeploymentPostprocessing = 0;
		};
/* End PBXSourcesBuildPhase section */

/* Begin PBXTargetDependency section */
		50084250183BDEFD004AE0C8 /* PBXTargetDependency */ = {
			isa = PBXTargetDependency;
			target = 50084228183BDEFD004AE0C8 /* Planetario */;
			targetProxy = 5008424F183BDEFD004AE0C8 /* PBXContainerItemProxy */;
		};
/* End PBXTargetDependency section */

/* Begin PBXVariantGroup section */
		50084235183BDEFD004AE0C8 /* InfoPlist.strings */ = {
			isa = PBXVariantGroup;
			children = (
				50084236183BDEFD004AE0C8 /* en */,
			);
			name = InfoPlist.strings;
			sourceTree = "<group>";
		};
		50084254183BDEFD004AE0C8 /* InfoPlist.strings */ = {
			isa = PBXVariantGroup;
			children = (
				50084255183BDEFD004AE0C8 /* en */,
			);
			name = InfoPlist.strings;
			sourceTree = "<group>";
		};
/* End PBXVariantGroup section */

/* Begin XCBuildConfiguration section */
		50084259183BDEFD004AE0C8 /* Debug */ = {
			isa = XCBuildConfiguration;
			buildSettings = {
				ALWAYS_SEARCH_USER_PATHS = NO;
				ARCHS = "$(ARCHS_STANDARD_INCLUDING_64_BIT)";
				CLANG_CXX_LANGUAGE_STANDARD = "gnu++0x";
				CLANG_CXX_LIBRARY = "libc++";
				CLANG_ENABLE_MODULES = YES;
				CLANG_ENABLE_OBJC_ARC = YES;
				CLANG_WARN_BOOL_CONVERSION = YES;
				CLANG_WARN_CONSTANT_CONVERSION = YES;
				CLANG_WARN_DIRECT_OBJC_ISA_USAGE = YES_ERROR;
				CLANG_WARN_EMPTY_BODY = YES;
				CLANG_WARN_ENUM_CONVERSION = YES;
				CLANG_WARN_INT_CONVERSION = YES;
				CLANG_WARN_OBJC_ROOT_CLASS = YES_ERROR;
				CLANG_WARN__DUPLICATE_METHOD_MATCH = YES;
				"CODE_SIGN_IDENTITY[sdk=iphoneos*]" = "iPhone Developer";
				COPY_PHASE_STRIP = NO;
				GCC_C_LANGUAGE_STANDARD = gnu99;
				GCC_DYNAMIC_NO_PIC = NO;
				GCC_OPTIMIZATION_LEVEL = 0;
				GCC_PREPROCESSOR_DEFINITIONS = (
					"DEBUG=1",
					"$(inherited)",
				);
				GCC_SYMBOLS_PRIVATE_EXTERN = NO;
				GCC_WARN_64_TO_32_BIT_CONVERSION = YES;
				GCC_WARN_ABOUT_RETURN_TYPE = YES_ERROR;
				GCC_WARN_UNDECLARED_SELECTOR = YES;
				GCC_WARN_UNINITIALIZED_AUTOS = YES;
				GCC_WARN_UNUSED_FUNCTION = YES;
				GCC_WARN_UNUSED_VARIABLE = YES;
				IPHONEOS_DEPLOYMENT_TARGET = 7.0;
				ONLY_ACTIVE_ARCH = YES;
				SDKROOT = iphoneos;
			};
			name = Debug;
		};
		5008425A183BDEFD004AE0C8 /* Release */ = {
			isa = XCBuildConfiguration;
			buildSettings = {
				ALWAYS_SEARCH_USER_PATHS = NO;
				ARCHS = "$(ARCHS_STANDARD_INCLUDING_64_BIT)";
				CLANG_CXX_LANGUAGE_STANDARD = "gnu++0x";
				CLANG_CXX_LIBRARY = "libc++";
				CLANG_ENABLE_MODULES = YES;
				CLANG_ENABLE_OBJC_ARC = YES;
				CLANG_WARN_BOOL_CONVERSION = YES;
				CLANG_WARN_CONSTANT_CONVERSION = YES;
				CLANG_WARN_DIRECT_OBJC_ISA_USAGE = YES_ERROR;
				CLANG_WARN_EMPTY_BODY = YES;
				CLANG_WARN_ENUM_CONVERSION = YES;
				CLANG_WARN_INT_CONVERSION = YES;
				CLANG_WARN_OBJC_ROOT_CLASS = YES_ERROR;
				CLANG_WARN__DUPLICATE_METHOD_MATCH = YES;
				"CODE_SIGN_IDENTITY[sdk=iphoneos*]" = "iPhone Developer";
				COPY_PHASE_STRIP = YES;
				ENABLE_NS_ASSERTIONS = NO;
				GCC_C_LANGUAGE_STANDARD = gnu99;
				GCC_WARN_64_TO_32_BIT_CONVERSION = YES;
				GCC_WARN_ABOUT_RETURN_TYPE = YES_ERROR;
				GCC_WARN_UNDECLARED_SELECTOR = YES;
				GCC_WARN_UNINITIALIZED_AUTOS = YES;
				GCC_WARN_UNUSED_FUNCTION = YES;
				GCC_WARN_UNUSED_VARIABLE = YES;
				IPHONEOS_DEPLOYMENT_TARGET = 7.0;
				SDKROOT = iphoneos;
				VALIDATE_PRODUCT = YES;
			};
			name = Release;
		};
		5008425C183BDEFD004AE0C8 /* Debug */ = {
			isa = XCBuildConfiguration;
			buildSettings = {
				ASSETCATALOG_COMPILER_APPICON_NAME = AppIcon;
				ASSETCATALOG_COMPILER_LAUNCHIMAGE_NAME = LaunchImage;
				GCC_PRECOMPILE_PREFIX_HEADER = YES;
				GCC_PREFIX_HEADER = "Planetario/Planetario-Prefix.pch";
				INFOPLIST_FILE = "Planetario/Planetario-Info.plist";
				PRODUCT_NAME = "$(TARGET_NAME)";
				WRAPPER_EXTENSION = app;
			};
			name = Debug;
		};
		5008425D183BDEFD004AE0C8 /* Release */ = {
			isa = XCBuildConfiguration;
			buildSettings = {
				ASSETCATALOG_COMPILER_APPICON_NAME = AppIcon;
				ASSETCATALOG_COMPILER_LAUNCHIMAGE_NAME = LaunchImage;
				GCC_PRECOMPILE_PREFIX_HEADER = YES;
				GCC_PREFIX_HEADER = "Planetario/Planetario-Prefix.pch";
				INFOPLIST_FILE = "Planetario/Planetario-Info.plist";
				PRODUCT_NAME = "$(TARGET_NAME)";
				WRAPPER_EXTENSION = app;
			};
			name = Release;
		};
		5008425F183BDEFD004AE0C8 /* Debug */ = {
			isa = XCBuildConfiguration;
			buildSettings = {
				ARCHS = "$(ARCHS_STANDARD_INCLUDING_64_BIT)";
				BUNDLE_LOADER = "$(BUILT_PRODUCTS_DIR)/Planetario.app/Planetario";
				FRAMEWORK_SEARCH_PATHS = (
					"$(SDKROOT)/Developer/Library/Frameworks",
					"$(inherited)",
					"$(DEVELOPER_FRAMEWORKS_DIR)",
				);
				GCC_PRECOMPILE_PREFIX_HEADER = YES;
				GCC_PREFIX_HEADER = "Planetario/Planetario-Prefix.pch";
				GCC_PREPROCESSOR_DEFINITIONS = (
					"DEBUG=1",
					"$(inherited)",
				);
				INFOPLIST_FILE = "PlanetarioTests/PlanetarioTests-Info.plist";
				PRODUCT_NAME = "$(TARGET_NAME)";
				TEST_HOST = "$(BUNDLE_LOADER)";
				WRAPPER_EXTENSION = xctest;
			};
			name = Debug;
		};
		50084260183BDEFD004AE0C8 /* Release */ = {
			isa = XCBuildConfiguration;
			buildSettings = {
				ARCHS = "$(ARCHS_STANDARD_INCLUDING_64_BIT)";
				BUNDLE_LOADER = "$(BUILT_PRODUCTS_DIR)/Planetario.app/Planetario";
				FRAMEWORK_SEARCH_PATHS = (
					"$(SDKROOT)/Developer/Library/Frameworks",
					"$(inherited)",
					"$(DEVELOPER_FRAMEWORKS_DIR)",
				);
				GCC_PRECOMPILE_PREFIX_HEADER = YES;
				GCC_PREFIX_HEADER = "Planetario/Planetario-Prefix.pch";
				INFOPLIST_FILE = "PlanetarioTests/PlanetarioTests-Info.plist";
				PRODUCT_NAME = "$(TARGET_NAME)";
				TEST_HOST = "$(BUNDLE_LOADER)";
				WRAPPER_EXTENSION = xctest;
			};
			name = Release;
		};
/* End XCBuildConfiguration section */

/* Begin XCConfigurationList section */
		50084224183BDEFD004AE0C8 /* Build configuration list for PBXProject "Planetario" */ = {
			isa = XCConfigurationList;
			buildConfigurations = (
				50084259183BDEFD004AE0C8 /* Debug */,
				5008425A183BDEFD004AE0C8 /* Release */,
			);
			defaultConfigurationIsVisible = 0;
			defaultConfigurationName = Release;
		};
		5008425B183BDEFD004AE0C8 /* Build configuration list for PBXNativeTarget "Planetario" */ = {
			isa = XCConfigurationList;
			buildConfigurations = (
				5008425C183BDEFD004AE0C8 /* Debug */,
				5008425D183BDEFD004AE0C8 /* Release */,
			);
			defaultConfigurationIsVisible = 0;
			defaultConfigurationName = Release;
		};
		5008425E183BDEFD004AE0C8 /* Build configuration list for PBXNativeTarget "PlanetarioTests" */ = {
			isa = XCConfigurationList;
			buildConfigurations = (
				5008425F183BDEFD004AE0C8 /* Debug */,
				50084260183BDEFD004AE0C8 /* Release */,
			);
			defaultConfigurationIsVisible = 0;
			defaultConfigurationName = Release;
		};
/* End XCConfigurationList section */
	};
	rootObject = 50084221183BDEFD004AE0C8 /* Project object */;
}
